// !$*UTF8*$!
{
	archiveVersion = 1;
	classes = {
	};
	objectVersion = 48;
	objects = {

/* Begin PBXBuildFile section */
		654AADE91F5671A300DB96BB /* ProductCell.swift in Sources */ = {isa = PBXBuildFile; fileRef = 654AADE81F5671A300DB96BB /* ProductCell.swift */; };
		654AADEB1F5675D400DB96BB /* Product.swift in Sources */ = {isa = PBXBuildFile; fileRef = 654AADEA1F5675D400DB96BB /* Product.swift */; };
		654AADED1F574A1000DB96BB /* ProductsVC.swift in Sources */ = {isa = PBXBuildFile; fileRef = 654AADEC1F574A1000DB96BB /* ProductsVC.swift */; };
		6584478C1F54FC8800706EE4 /* AppDelegate.swift in Sources */ = {isa = PBXBuildFile; fileRef = 6584478B1F54FC8800706EE4 /* AppDelegate.swift */; };
		6584478E1F54FC8800706EE4 /* CategoriesVC.swift in Sources */ = {isa = PBXBuildFile; fileRef = 6584478D1F54FC8800706EE4 /* CategoriesVC.swift */; };
		658447911F54FC8800706EE4 /* Main.storyboard in Resources */ = {isa = PBXBuildFile; fileRef = 6584478F1F54FC8800706EE4 /* Main.storyboard */; };
		658447931F54FC8800706EE4 /* Assets.xcassets in Resources */ = {isa = PBXBuildFile; fileRef = 658447921F54FC8800706EE4 /* Assets.xcassets */; };
		658447961F54FC8800706EE4 /* LaunchScreen.storyboard in Resources */ = {isa = PBXBuildFile; fileRef = 658447941F54FC8800706EE4 /* LaunchScreen.storyboard */; };
		658447A11F5500FD00706EE4 /* CategoryCell.swift in Sources */ = {isa = PBXBuildFile; fileRef = 658447A01F5500FD00706EE4 /* CategoryCell.swift */; };
		658447A31F5506C500706EE4 /* Category.swift in Sources */ = {isa = PBXBuildFile; fileRef = 658447A21F5506C500706EE4 /* Category.swift */; };
		658447A61F55087C00706EE4 /* DataService.swift in Sources */ = {isa = PBXBuildFile; fileRef = 658447A51F55087C00706EE4 /* DataService.swift */; };
/* End PBXBuildFile section */

/* Begin PBXFileReference section */
		654AADE81F5671A300DB96BB /* ProductCell.swift */ = {isa = PBXFileReference; lastKnownFileType = sourcecode.swift; path = ProductCell.swift; sourceTree = "<group>"; };
		654AADEA1F5675D400DB96BB /* Product.swift */ = {isa = PBXFileReference; lastKnownFileType = sourcecode.swift; path = Product.swift; sourceTree = "<group>"; };
		654AADEC1F574A1000DB96BB /* ProductsVC.swift */ = {isa = PBXFileReference; lastKnownFileType = sourcecode.swift; path = ProductsVC.swift; sourceTree = "<group>"; };
		658447881F54FC8800706EE4 /* Shopper.app */ = {isa = PBXFileReference; explicitFileType = wrapper.application; includeInIndex = 0; path = Shopper.app; sourceTree = BUILT_PRODUCTS_DIR; };
		6584478B1F54FC8800706EE4 /* AppDelegate.swift */ = {isa = PBXFileReference; lastKnownFileType = sourcecode.swift; path = AppDelegate.swift; sourceTree = "<group>"; };
		6584478D1F54FC8800706EE4 /* CategoriesVC.swift */ = {isa = PBXFileReference; lastKnownFileType = sourcecode.swift; path = CategoriesVC.swift; sourceTree = "<group>"; };
		658447901F54FC8800706EE4 /* Base */ = {isa = PBXFileReference; lastKnownFileType = file.storyboard; name = Base; path = Base.lproj/Main.storyboard; sourceTree = "<group>"; };
		658447921F54FC8800706EE4 /* Assets.xcassets */ = {isa = PBXFileReference; lastKnownFileType = folder.assetcatalog; path = Assets.xcassets; sourceTree = "<group>"; };
		658447951F54FC8800706EE4 /* Base */ = {isa = PBXFileReference; lastKnownFileType = file.storyboard; name = Base; path = Base.lproj/LaunchScreen.storyboard; sourceTree = "<group>"; };
		658447971F54FC8800706EE4 /* Info.plist */ = {isa = PBXFileReference; lastKnownFileType = text.plist.xml; path = Info.plist; sourceTree = "<group>"; };
		658447A01F5500FD00706EE4 /* CategoryCell.swift */ = {isa = PBXFileReference; lastKnownFileType = sourcecode.swift; path = CategoryCell.swift; sourceTree = "<group>"; };
		658447A21F5506C500706EE4 /* Category.swift */ = {isa = PBXFileReference; lastKnownFileType = sourcecode.swift; path = Category.swift; sourceTree = "<group>"; };
		658447A51F55087C00706EE4 /* DataService.swift */ = {isa = PBXFileReference; lastKnownFileType = sourcecode.swift; path = DataService.swift; sourceTree = "<group>"; };
/* End PBXFileReference section */

/* Begin PBXFrameworksBuildPhase section */
		658447851F54FC8800706EE4 /* Frameworks */ = {
			isa = PBXFrameworksBuildPhase;
			buildActionMask = 2147483647;
			files = (
			);
			runOnlyForDeploymentPostprocessing = 0;
		};
/* End PBXFrameworksBuildPhase section */

/* Begin PBXGroup section */
		6584477F1F54FC8800706EE4 = {
			isa = PBXGroup;
			children = (
				6584478A1F54FC8800706EE4 /* Shopper */,
				658447891F54FC8800706EE4 /* Products */,
			);
			sourceTree = "<group>";
		};
		658447891F54FC8800706EE4 /* Products */ = {
			isa = PBXGroup;
			children = (
				658447881F54FC8800706EE4 /* Shopper.app */,
			);
			name = Products;
			sourceTree = "<group>";
		};
		6584478A1F54FC8800706EE4 /* Shopper */ = {
			isa = PBXGroup;
			children = (
				6584478B1F54FC8800706EE4 /* AppDelegate.swift */,
				658447A41F55085100706EE4 /* Services */,
				6584479F1F55008B00706EE4 /* Model */,
				6584479E1F55007D00706EE4 /* View */,
				6584479D1F55007600706EE4 /* Controller */,
				6584478F1F54FC8800706EE4 /* Main.storyboard */,
				658447921F54FC8800706EE4 /* Assets.xcassets */,
				658447941F54FC8800706EE4 /* LaunchScreen.storyboard */,
				658447971F54FC8800706EE4 /* Info.plist */,
			);
			path = Shopper;
			sourceTree = "<group>";
		};
		6584479D1F55007600706EE4 /* Controller */ = {
			isa = PBXGroup;
			children = (
				6584478D1F54FC8800706EE4 /* CategoriesVC.swift */,
				654AADEC1F574A1000DB96BB /* ProductsVC.swift */,
			);
			path = Controller;
			sourceTree = "<group>";
		};
		6584479E1F55007D00706EE4 /* View */ = {
			isa = PBXGroup;
			children = (
				658447A01F5500FD00706EE4 /* CategoryCell.swift */,
				654AADE81F5671A300DB96BB /* ProductCell.swift */,
			);
			path = View;
			sourceTree = "<group>";
		};
		6584479F1F55008B00706EE4 /* Model */ = {
			isa = PBXGroup;
			children = (
				658447A21F5506C500706EE4 /* Category.swift */,
				654AADEA1F5675D400DB96BB /* Product.swift */,
			);
			path = Model;
			sourceTree = "<group>";
		};
		658447A41F55085100706EE4 /* Services */ = {
			isa = PBXGroup;
			children = (
				658447A51F55087C00706EE4 /* DataService.swift */,
			);
			path = Services;
			sourceTree = "<group>";
		};
/* End PBXGroup section */

/* Begin PBXNativeTarget section */
		658447871F54FC8800706EE4 /* Shopper */ = {
			isa = PBXNativeTarget;
			buildConfigurationList = 6584479A1F54FC8900706EE4 /* Build configuration list for PBXNativeTarget "Shopper" */;
			buildPhases = (
				658447841F54FC8800706EE4 /* Sources */,
				658447851F54FC8800706EE4 /* Frameworks */,
				658447861F54FC8800706EE4 /* Resources */,
			);
			buildRules = (
			);
			dependencies = (
			);
			name = Shopper;
			productName = Shopper;
			productReference = 658447881F54FC8800706EE4 /* Shopper.app */;
			productType = "com.apple.product-type.application";
		};
/* End PBXNativeTarget section */

/* Begin PBXProject section */
		658447801F54FC8800706EE4 /* Project object */ = {
			isa = PBXProject;
			attributes = {
				LastSwiftUpdateCheck = 0900;
				LastUpgradeCheck = 0900;
				ORGANIZATIONNAME = "David Boles";
				TargetAttributes = {
					658447871F54FC8800706EE4 = {
						CreatedOnToolsVersion = 9.0;
					};
				};
			};
			buildConfigurationList = 658447831F54FC8800706EE4 /* Build configuration list for PBXProject "Shopper" */;
			compatibilityVersion = "Xcode 8.0";
			developmentRegion = en;
			hasScannedForEncodings = 0;
			knownRegions = (
				en,
				Base,
			);
			mainGroup = 6584477F1F54FC8800706EE4;
			productRefGroup = 658447891F54FC8800706EE4 /* Products */;
			projectDirPath = "";
			projectRoot = "";
			targets = (
				658447871F54FC8800706EE4 /* Shopper */,
			);
		};
/* End PBXProject section */

/* Begin PBXResourcesBuildPhase section */
		658447861F54FC8800706EE4 /* Resources */ = {
			isa = PBXResourcesBuildPhase;
			buildActionMask = 2147483647;
			files = (
				658447961F54FC8800706EE4 /* LaunchScreen.storyboard in Resources */,
				658447931F54FC8800706EE4 /* Assets.xcassets in Resources */,
				658447911F54FC8800706EE4 /* Main.storyboard in Resources */,
			);
			runOnlyForDeploymentPostprocessing = 0;
		};
/* End PBXResourcesBuildPhase section */

/* Begin PBXSourcesBuildPhase section */
		658447841F54FC8800706EE4 /* Sources */ = {
			isa = PBXSourcesBuildPhase;
			buildActionMask = 2147483647;
			files = (
				654AADED1F574A1000DB96BB /* ProductsVC.swift in Sources */,
				6584478E1F54FC8800706EE4 /* CategoriesVC.swift in Sources */,
				6584478C1F54FC8800706EE4 /* AppDelegate.swift in Sources */,
				658447A11F5500FD00706EE4 /* CategoryCell.swift in Sources */,
				654AADE91F5671A300DB96BB /* ProductCell.swift in Sources */,
				658447A31F5506C500706EE4 /* Category.swift in Sources */,
				658447A61F55087C00706EE4 /* DataService.swift in Sources */,
				654AADEB1F5675D400DB96BB /* Product.swift in Sources */,
			);
			runOnlyForDeploymentPostprocessing = 0;
		};
/* End PBXSourcesBuildPhase section */

/* Begin PBXVariantGroup section */
		6584478F1F54FC8800706EE4 /* Main.storyboard */ = {
			isa = PBXVariantGroup;
			children = (
				658447901F54FC8800706EE4 /* Base */,
			);
			name = Main.storyboard;
			sourceTree = "<group>";
		};
		658447941F54FC8800706EE4 /* LaunchScreen.storyboard */ = {
			isa = PBXVariantGroup;
			children = (
				658447951F54FC8800706EE4 /* Base */,
			);
			name = LaunchScreen.storyboard;
			sourceTree = "<group>";
		};
/* End PBXVariantGroup section */

/* Begin XCBuildConfiguration section */
		658447981F54FC8800706EE4 /* Debug */ = {
			isa = XCBuildConfiguration;
			buildSettings = {
				ALWAYS_SEARCH_USER_PATHS = NO;
				CLANG_ANALYZER_NONNULL = YES;
				CLANG_ANALYZER_NUMBER_OBJECT_CONVERSION = YES_AGGRESSIVE;
				CLANG_CXX_LANGUAGE_STANDARD = "gnu++14";
				CLANG_CXX_LIBRARY = "libc++";
				CLANG_ENABLE_MODULES = YES;
				CLANG_ENABLE_OBJC_ARC = YES;
				CLANG_WARN_BLOCK_CAPTURE_AUTORELEASING = YES;
				CLANG_WARN_BOOL_CONVERSION = YES;
				CLANG_WARN_COMMA = YES;
				CLANG_WARN_CONSTANT_CONVERSION = YES;
				CLANG_WARN_DIRECT_OBJC_ISA_USAGE = YES_ERROR;
				CLANG_WARN_DOCUMENTATION_COMMENTS = YES;
				CLANG_WARN_EMPTY_BODY = YES;
				CLANG_WARN_ENUM_CONVERSION = YES;
				CLANG_WARN_INFINITE_RECURSION = YES;
				CLANG_WARN_INT_CONVERSION = YES;
				CLANG_WARN_NON_LITERAL_NULL_CONVERSION = YES;
				CLANG_WARN_OBJC_LITERAL_CONVERSION = YES;
				CLANG_WARN_OBJC_ROOT_CLASS = YES_ERROR;
				CLANG_WARN_RANGE_LOOP_ANALYSIS = YES;
				CLANG_WARN_STRICT_PROTOTYPES = YES;
				CLANG_WARN_SUSPICIOUS_MOVE = YES;
				CLANG_WARN_UNGUARDED_AVAILABILITY = YES_AGGRESSIVE;
				CLANG_WARN_UNREACHABLE_CODE = YES;
				CLANG_WARN__DUPLICATE_METHOD_MATCH = YES;
				CODE_SIGN_IDENTITY = "iPhone Developer";
				COPY_PHASE_STRIP = NO;
				DEBUG_INFORMATION_FORMAT = dwarf;
				ENABLE_STRICT_OBJC_MSGSEND = YES;
				ENABLE_TESTABILITY = YES;
				GCC_C_LANGUAGE_STANDARD = gnu11;
				GCC_DYNAMIC_NO_PIC = NO;
				GCC_NO_COMMON_BLOCKS = YES;
				GCC_OPTIMIZATION_LEVEL = 0;
				GCC_PREPROCESSOR_DEFINITIONS = (
					"DEBUG=1",
					"$(inherited)",
				);
				GCC_WARN_64_TO_32_BIT_CONVERSION = YES;
				GCC_WARN_ABOUT_RETURN_TYPE = YES_ERROR;
				GCC_WARN_UNDECLARED_SELECTOR = YES;
				GCC_WARN_UNINITIALIZED_AUTOS = YES_AGGRESSIVE;
				GCC_WARN_UNUSED_FUNCTION = YES;
				GCC_WARN_UNUSED_VARIABLE = YES;
				IPHONEOS_DEPLOYMENT_TARGET = 11.0;
				MTL_ENABLE_DEBUG_INFO = YES;
				ONLY_ACTIVE_ARCH = YES;
				SDKROOT = iphoneos;
				SWIFT_ACTIVE_COMPILATION_CONDITIONS = DEBUG;
				SWIFT_OPTIMIZATION_LEVEL = "-Onone";
			};
			name = Debug;
		};
		658447991F54FC8800706EE4 /* Release */ = {
			isa = XCBuildConfiguration;
			buildSettings = {
				ALWAYS_SEARCH_USER_PATHS = NO;
				CLANG_ANALYZER_NONNULL = YES;
				CLANG_ANALYZER_NUMBER_OBJECT_CONVERSION = YES_AGGRESSIVE;
				CLANG_CXX_LANGUAGE_STANDARD = "gnu++14";
				CLANG_CXX_LIBRARY = "libc++";
				CLANG_ENABLE_MODULES = YES;
				CLANG_ENABLE_OBJC_ARC = YES;
				CLANG_WARN_BLOCK_CAPTURE_AUTORELEASING = YES;
				CLANG_WARN_BOOL_CONVERSION = YES;
				CLANG_WARN_COMMA = YES;
				CLANG_WARN_CONSTANT_CONVERSION = YES;
				CLANG_WARN_DIRECT_OBJC_ISA_USAGE = YES_ERROR;
				CLANG_WARN_DOCUMENTATION_COMMENTS = YES;
				CLANG_WARN_EMPTY_BODY = YES;
				CLANG_WARN_ENUM_CONVERSION = YES;
				CLANG_WARN_INFINITE_RECURSION = YES;
				CLANG_WARN_INT_CONVERSION = YES;
				CLANG_WARN_NON_LITERAL_NULL_CONVERSION = YES;
				CLANG_WARN_OBJC_LITERAL_CONVERSION = YES;
				CLANG_WARN_OBJC_ROOT_CLASS = YES_ERROR;
				CLANG_WARN_RANGE_LOOP_ANALYSIS = YES;
				CLANG_WARN_STRICT_PROTOTYPES = YES;
				CLANG_WARN_SUSPICIOUS_MOVE = YES;
				CLANG_WARN_UNGUARDED_AVAILABILITY = YES_AGGRESSIVE;
				CLANG_WARN_UNREACHABLE_CODE = YES;
				CLANG_WARN__DUPLICATE_METHOD_MATCH = YES;
				CODE_SIGN_IDENTITY = "iPhone Developer";
				COPY_PHASE_STRIP = NO;
				DEBUG_INFORMATION_FORMAT = "dwarf-with-dsym";
				ENABLE_NS_ASSERTIONS = NO;
				ENABLE_STRICT_OBJC_MSGSEND = YES;
				GCC_C_LANGUAGE_STANDARD = gnu11;
				GCC_NO_COMMON_BLOCKS = YES;
				GCC_WARN_64_TO_32_BIT_CONVERSION = YES;
				GCC_WARN_ABOUT_RETURN_TYPE = YES_ERROR;
				GCC_WARN_UNDECLARED_SELECTOR = YES;
				GCC_WARN_UNINITIALIZED_AUTOS = YES_AGGRESSIVE;
				GCC_WARN_UNUSED_FUNCTION = YES;
				GCC_WARN_UNUSED_VARIABLE = YES;
				IPHONEOS_DEPLOYMENT_TARGET = 11.0;
				MTL_ENABLE_DEBUG_INFO = NO;
				SDKROOT = iphoneos;
				SWIFT_OPTIMIZATION_LEVEL = "-Owholemodule";
				VALIDATE_PRODUCT = YES;
			};
			name = Release;
		};
		6584479B1F54FC8900706EE4 /* Debug */ = {
			isa = XCBuildConfiguration;
			buildSettings = {
				ASSETCATALOG_COMPILER_APPICON_NAME = AppIcon;
				DEVELOPMENT_TEAM = 92A3F59JUA;
				INFOPLIST_FILE = Shopper/Info.plist;
				IPHONEOS_DEPLOYMENT_TARGET = 10.3;
				LD_RUNPATH_SEARCH_PATHS = "$(inherited) @executable_path/Frameworks";
				PRODUCT_BUNDLE_IDENTIFIER = com.ciccio.Shopper;
				PRODUCT_NAME = "$(TARGET_NAME)";
				SWIFT_VERSION = 4.0;
				TARGETED_DEVICE_FAMILY = "1,2";
			};
			name = Debug;
		};
		6584479C1F54FC8900706EE4 /* Release */ = {
			isa = XCBuildConfiguration;
			buildSettings = {
				ASSETCATALOG_COMPILER_APPICON_NAME = AppIcon;
				DEVELOPMENT_TEAM = 92A3F59JUA;
				INFOPLIST_FILE = Shopper/Info.plist;
				IPHONEOS_DEPLOYMENT_TARGET = 10.3;
				LD_RUNPATH_SEARCH_PATHS = "$(inherited) @executable_path/Frameworks";
				PRODUCT_BUNDLE_IDENTIFIER = com.ciccio.Shopper;
				PRODUCT_NAME = "$(TARGET_NAME)";
				SWIFT_VERSION = 4.0;
				TARGETED_DEVICE_FAMILY = "1,2";
			};
			name = Release;
		};
/* End XCBuildConfiguration section */

/* Begin XCConfigurationList section */
		658447831F54FC8800706EE4 /* Build configuration list for PBXProject "Shopper" */ = {
			isa = XCConfigurationList;
			buildConfigurations = (
				658447981F54FC8800706EE4 /* Debug */,
				658447991F54FC8800706EE4 /* Release */,
			);
			defaultConfigurationIsVisible = 0;
			defaultConfigurationName = Release;
		};
		6584479A1F54FC8900706EE4 /* Build configuration list for PBXNativeTarget "Shopper" */ = {
			isa = XCConfigurationList;
			buildConfigurations = (
				6584479B1F54FC8900706EE4 /* Debug */,
				6584479C1F54FC8900706EE4 /* Release */,
			);
			defaultConfigurationIsVisible = 0;
			defaultConfigurationName = Release;
		};
/* End XCConfigurationList section */
	};
	rootObject = 658447801F54FC8800706EE4 /* Project object */;
}
